
Microsoft Visual Studio Solution File, Format Version 12.00
# Visual Studio Version 16
VisualStudioVersion = 16.0.33214.272
MinimumVisualStudioVersion = 10.0.40219.1
Project("{8BC9CEB8-8B4A-11D0-8D11-00A0C91BC942}") = "Fraction_HW", "Fraction\Fraction.vcxproj", "{3D958AE5-03A2-469F-A8B7-5EC75609B221}"
EndProject
Project("{8BC9CEB8-8B4A-11D0-8D11-00A0C91BC942}") = "Distance_HW", "Distance\Distance.vcxproj", "{236ED9C7-29B4-4FA6-A434-0EE163B83717}"
EndProject
Project("{8BC9CEB8-8B4A-11D0-8D11-00A0C91BC942}") = "String_HW", "String\String.vcxproj", "{9FB17E50-CDAE-448E-9177-1D5AE9ED35F9}"
EndProject
Project("{8BC9CEB8-8B4A-11D0-8D11-00A0C91BC942}") = "Academy", "Academy\Academy.vcxproj", "{3BA49835-7EBB-4BA0-A0D7-808BFB4FC552}"
EndProject
Global
	GlobalSection(SolutionConfigurationPlatforms) = preSolution
		Debug|x64 = Debug|x64
		Debug|x86 = Debug|x86
		Release|x64 = Release|x64
		Release|x86 = Release|x86
	EndGlobalSection
	GlobalSection(ProjectConfigurationPlatforms) = postSolution
		{3D958AE5-03A2-469F-A8B7-5EC75609B221}.Debug|x64.ActiveCfg = Debug|x64
		{3D958AE5-03A2-469F-A8B7-5EC75609B221}.Debug|x64.Build.0 = Debug|x64
		{3D958AE5-03A2-469F-A8B7-5EC75609B221}.Debug|x86.ActiveCfg = Debug|Win32
		{3D958AE5-03A2-469F-A8B7-5EC75609B221}.Debug|x86.Build.0 = Debug|Win32
		{3D958AE5-03A2-469F-A8B7-5EC75609B221}.Release|x64.ActiveCfg = Release|x64
		{3D958AE5-03A2-469F-A8B7-5EC75609B221}.Release|x64.Build.0 = Release|x64
		{3D958AE5-03A2-469F-A8B7-5EC75609B221}.Release|x86.ActiveCfg = Release|Win32
		{3D958AE5-03A2-469F-A8B7-5EC75609B221}.Release|x86.Build.0 = Release|Win32
		{236ED9C7-29B4-4FA6-A434-0EE163B83717}.Debug|x64.ActiveCfg = Debug|x64
		{236ED9C7-29B4-4FA6-A434-0EE163B83717}.Debug|x64.Build.0 = Debug|x64
		{236ED9C7-29B4-4FA6-A434-0EE163B83717}.Debug|x86.ActiveCfg = Debug|Win32
		{236ED9C7-29B4-4FA6-A434-0EE163B83717}.Debug|x86.Build.0 = Debug|Win32
		{236ED9C7-29B4-4FA6-A434-0EE163B83717}.Release|x64.ActiveCfg = Release|x64
		{236ED9C7-29B4-4FA6-A434-0EE163B83717}.Release|x64.Build.0 = Release|x64
		{236ED9C7-29B4-4FA6-A434-0EE163B83717}.Release|x86.ActiveCfg = Release|Win32
		{236ED9C7-29B4-4FA6-A434-0EE163B83717}.Release|x86.Build.0 = Release|Win32
		{9FB17E50-CDAE-448E-9177-1D5AE9ED35F9}.Debug|x64.ActiveCfg = Debug|x64
		{9FB17E50-CDAE-448E-9177-1D5AE9ED35F9}.Debug|x64.Build.0 = Debug|x64
		{9FB17E50-CDAE-448E-9177-1D5AE9ED35F9}.Debug|x86.ActiveCfg = Debug|Win32
		{9FB17E50-CDAE-448E-9177-1D5AE9ED35F9}.Debug|x86.Build.0 = Debug|Win32
		{9FB17E50-CDAE-448E-9177-1D5AE9ED35F9}.Release|x64.ActiveCfg = Release|x64
		{9FB17E50-CDAE-448E-9177-1D5AE9ED35F9}.Release|x64.Build.0 = Release|x64
		{9FB17E50-CDAE-448E-9177-1D5AE9ED35F9}.Release|x86.ActiveCfg = Release|Win32
		{9FB17E50-CDAE-448E-9177-1D5AE9ED35F9}.Release|x86.Build.0 = Release|Win32
		{3BA49835-7EBB-4BA0-A0D7-808BFB4FC552}.Debug|x64.ActiveCfg = Debug|x64
		{3BA49835-7EBB-4BA0-A0D7-808BFB4FC552}.Debug|x64.Build.0 = Debug|x64
		{3BA49835-7EBB-4BA0-A0D7-808BFB4FC552}.Debug|x86.ActiveCfg = Debug|Win32
		{3BA49835-7EBB-4BA0-A0D7-808BFB4FC552}.Debug|x86.Build.0 = Debug|Win32
		{3BA49835-7EBB-4BA0-A0D7-808BFB4FC552}.Release|x64.ActiveCfg = Release|x64
		{3BA49835-7EBB-4BA0-A0D7-808BFB4FC552}.Release|x64.Build.0 = Release|x64
		{3BA49835-7EBB-4BA0-A0D7-808BFB4FC552}.Release|x86.ActiveCfg = Release|Win32
		{3BA49835-7EBB-4BA0-A0D7-808BFB4FC552}.Release|x86.Build.0 = Release|Win32
	EndGlobalSection
	GlobalSection(SolutionProperties) = preSolution
		HideSolutionNode = FALSE
	EndGlobalSection
	GlobalSection(ExtensibilityGlobals) = postSolution
		SolutionGuid = {071DADEA-3C3C-4E38-AE21-BA88D9A3AD2F}
	EndGlobalSection
EndGlobal
